<?xml version="1.0" encoding="utf-8"?>
<Project ToolsVersion="4.0" xmlns="http://schemas.microsoft.com/developer/msbuild/2003">
  <ItemGroup>
    <Filter Include="源文件">
      <UniqueIdentifier>{4FC737F1-C7A5-4376-A066-2A32D752A2FF}</UniqueIdentifier>
      <Extensions>cpp;c;cc;cxx;def;odl;idl;hpj;bat;asm;asmx</Extensions>
    </Filter>
    <Filter Include="头文件">
      <UniqueIdentifier>{93995380-89BD-4b04-88EB-625FBE52EBFB}</UniqueIdentifier>
      <Extensions>h;hh;hpp;hxx;hm;inl;inc;xsd</Extensions>
    </Filter>
    <Filter Include="资源文件">
      <UniqueIdentifier>{67DA6AB6-F800-4c08-8B7A-83BB121AAD01}</UniqueIdentifier>
      <Extensions>rc;ico;cur;bmp;dlg;rc2;rct;bin;rgs;gif;jpg;jpeg;jpe;resx;tiff;tif;png;wav;mfcribbon-ms</Extensions>
    </Filter>
  </ItemGroup>
  <ItemGroup>
    <ClInclude Include="AbstractLayer.h">
      <Filter>头文件</Filter>
    </ClInclude>
    <ClInclude Include="AbstractMatrix.h">
      <Filter>头文件</Filter>
    </ClInclude>
    <ClInclude Include="AbstractNetworkLayer.h">
      <Filter>头文件</Filter>
    </ClInclude>
    <ClInclude Include="Matrix.h">
      <Filter>头文件</Filter>
    </ClInclude>
    <ClInclude Include="RBM.h">
      <Filter>头文件</Filter>
    </ClInclude>
    <ClInclude Include="stdafx.h">
      <Filter>头文件</Filter>
    </ClInclude>
    <ClInclude Include="targetver.h">
      <Filter>头文件</Filter>
    </ClInclude>
    <ClInclude Include="Sigmoid.h">
      <Filter>头文件</Filter>
    </ClInclude>
    <ClInclude Include="NetworkFunctions.h">
      <Filter>头文件</Filter>
    </ClInclude>
    <ClInclude Include="HardTanH.h">
      <Filter>头文件</Filter>
    </ClInclude>
    <ClInclude Include="AutoEncoder.h">
      <Filter>头文件</Filter>
    </ClInclude>
    <ClInclude Include="HardShrink.h">
      <Filter>头文件</Filter>
    </ClInclude>
    <ClInclude Include="SoftShrink.h">
      <Filter>头文件</Filter>
    </ClInclude>
    <ClInclude Include="LogSigmoid.h">
      <Filter>头文件</Filter>
    </ClInclude>
    <ClInclude Include="PReLU.h">
      <Filter>头文件</Filter>
    </ClInclude>
    <ClInclude Include="ReLU.h">
      <Filter>头文件</Filter>
    </ClInclude>
    <ClInclude Include="MasterControl.h">
      <Filter>头文件</Filter>
    </ClInclude>
    <ClInclude Include="LinearLayer.h">
      <Filter>头文件</Filter>
    </ClInclude>
    <ClInclude Include="NonLinearLayer.h">
      <Filter>头文件</Filter>
    </ClInclude>
    <ClInclude Include="NetworkNode.h">
      <Filter>头文件</Filter>
    </ClInclude>
    <ClInclude Include="Type.h">
      <Filter>头文件</Filter>
    </ClInclude>
    <ClInclude Include="NonLinearFactory.h">
      <Filter>头文件</Filter>
    </ClInclude>
    <ClInclude Include="RBMDataGenerator.h">
      <Filter>头文件</Filter>
    </ClInclude>
    <ClInclude Include="tinystr.h">
      <Filter>头文件</Filter>
    </ClInclude>
    <ClInclude Include="tinyxml.h">
      <Filter>头文件</Filter>
    </ClInclude>
    <ClInclude Include="XMLDataParser.h">
      <Filter>头文件</Filter>
    </ClInclude>
    <ClInclude Include="DenoiseAutoEncoder.h">
      <Filter>头文件</Filter>
    </ClInclude>
    <ClInclude Include="SparseAutoEncoder.h">
      <Filter>头文件</Filter>
    </ClInclude>
    <ClInclude Include="ContractiveAutoEncoder.h">
      <Filter>头文件</Filter>
    </ClInclude>
    <ClInclude Include="Sample.h">
      <Filter>头文件</Filter>
    </ClInclude>
    <ClInclude Include="Input.h">
      <Filter>头文件</Filter>
    </ClInclude>
    <ClInclude Include="Criteria.h">
      <Filter>头文件</Filter>
    </ClInclude>
    <ClInclude Include="MSE.h">
      <Filter>头文件</Filter>
    </ClInclude>
    <ClInclude Include="ConvolutionalNetworkLayer.h">
      <Filter>头文件</Filter>
    </ClInclude>
    <ClInclude Include="ComponentNode.h">
      <Filter>头文件</Filter>
    </ClInclude>
    <ClInclude Include="AbstractComponent.h">
      <Filter>头文件</Filter>
    </ClInclude>
    <ClInclude Include="MaxPoolingLayer.h">
      <Filter>头文件</Filter>
    </ClInclude>
    <ClInclude Include="CNN2DComponent.h">
      <Filter>头文件</Filter>
    </ClInclude>
    <ClInclude Include="CNN1DComponent.h">
      <Filter>头文件</Filter>
    </ClInclude>
    <ClInclude Include="CharacterSample.h">
      <Filter>头文件</Filter>
    </ClInclude>
    <ClInclude Include="CharacterInput.h">
      <Filter>头文件</Filter>
    </ClInclude>
  </ItemGroup>
  <ItemGroup>
    <ClCompile Include="AbstractLayer.cpp">
      <Filter>源文件</Filter>
    </ClCompile>
    <ClCompile Include="AbstractMatrix.cpp">
      <Filter>源文件</Filter>
    </ClCompile>
    <ClCompile Include="AbstractNetworkLayer.cpp">
      <Filter>源文件</Filter>
    </ClCompile>
    <ClCompile Include="Matrix.cpp">
      <Filter>源文件</Filter>
    </ClCompile>
    <ClCompile Include="Sigmoid.cpp">
      <Filter>源文件</Filter>
    </ClCompile>
    <ClCompile Include="RBM.cpp">
      <Filter>源文件</Filter>
    </ClCompile>
    <ClCompile Include="NetworkFunction.cpp">
      <Filter>源文件</Filter>
    </ClCompile>
    <ClCompile Include="ReLU.cpp">
      <Filter>源文件</Filter>
    </ClCompile>
    <ClCompile Include="SoftShrink.cpp">
      <Filter>源文件</Filter>
    </ClCompile>
    <ClCompile Include="PReLU.cpp">
      <Filter>源文件</Filter>
    </ClCompile>
    <ClCompile Include="LogSigmoid.cpp">
      <Filter>源文件</Filter>
    </ClCompile>
    <ClCompile Include="LinearLayer.cpp">
      <Filter>源文件</Filter>
    </ClCompile>
    <ClCompile Include="HardTanH.cpp">
      <Filter>源文件</Filter>
    </ClCompile>
    <ClCompile Include="HardShrink.cpp">
      <Filter>源文件</Filter>
    </ClCompile>
    <ClCompile Include="AutoEncoder.cpp">
      <Filter>源文件</Filter>
    </ClCompile>
    <ClCompile Include="MasterControl.cpp">
      <Filter>源文件</Filter>
    </ClCompile>
    <ClCompile Include="NonLinearLayer.cpp">
      <Filter>源文件</Filter>
    </ClCompile>
    <ClCompile Include="NetworkNode.cpp">
      <Filter>源文件</Filter>
    </ClCompile>
    <ClCompile Include="NonLinearFactory.cpp">
      <Filter>源文件</Filter>
    </ClCompile>
    <ClCompile Include="tinystr.cpp">
      <Filter>源文件</Filter>
    </ClCompile>
    <ClCompile Include="tinyxml.cpp">
      <Filter>源文件</Filter>
    </ClCompile>
    <ClCompile Include="tinyxmlerror.cpp">
      <Filter>源文件</Filter>
    </ClCompile>
    <ClCompile Include="tinyxmlparser.cpp">
      <Filter>源文件</Filter>
    </ClCompile>
    <ClCompile Include="XMLDataParser.cpp">
      <Filter>源文件</Filter>
    </ClCompile>
    <ClCompile Include="SparseAutoEncoder.cpp">
      <Filter>源文件</Filter>
    </ClCompile>
    <ClCompile Include="DenoiseAutoEncoder.cpp">
      <Filter>源文件</Filter>
    </ClCompile>
    <ClCompile Include="ContractiveAutoEncoder.cpp">
      <Filter>源文件</Filter>
    </ClCompile>
    <ClCompile Include="Sample.cpp">
      <Filter>源文件</Filter>
    </ClCompile>
    <ClCompile Include="Input.cpp">
      <Filter>源文件</Filter>
    </ClCompile>
    <ClCompile Include="Criteria.cpp">
      <Filter>源文件</Filter>
    </ClCompile>
    <ClCompile Include="MSE.cpp">
      <Filter>源文件</Filter>
    </ClCompile>
    <ClCompile Include="ConvolutionalNetworkLayer.cpp">
      <Filter>源文件</Filter>
    </ClCompile>
    <ClCompile Include="ComponentNode.cpp">
      <Filter>源文件</Filter>
    </ClCompile>
    <ClCompile Include="MaxPoolingLayer.cpp">
      <Filter>源文件</Filter>
    </ClCompile>
    <ClCompile Include="AbstractComponent.cpp">
      <Filter>源文件</Filter>
    </ClCompile>
    <ClCompile Include="CNN2DComponent.cpp">
      <Filter>源文件</Filter>
    </ClCompile>
    <ClCompile Include="CNN1DComponent.cpp">
      <Filter>源文件</Filter>
    </ClCompile>
    <ClCompile Include="CharacterSample.cpp">
      <Filter>源文件</Filter>
    </ClCompile>
    <ClCompile Include="CharacterInput.cpp">
      <Filter>源文件</Filter>
    </ClCompile>
  </ItemGroup>
</Project>